
Microsoft Visual Studio Solution File, Format Version 12.00
# Visual Studio Version 17
VisualStudioVersion = 17.10.35013.160
MinimumVisualStudioVersion = 10.0.40219.1
Project("{FAE04EC0-301F-11D3-BF4B-00C04F79EFBC}") = "demo-api", "src\demo-api\demo-api.csproj", "{100BAEF4-1DA4-462E-B344-CCA497D597E2}"
EndProject
Global
	GlobalSection(SolutionConfigurationPlatforms) = preSolution
		Debug|Any CPU = Debug|Any CPU
		Release|Any CPU = Release|Any CPU
	EndGlobalSection
	GlobalSection(ProjectConfigurationPlatforms) = postSolution
		{100BAEF4-1DA4-462E-B344-CCA497D597E2}.Debug|Any CPU.ActiveCfg = Debug|Any CPU
		{100BAEF4-1DA4-462E-B344-CCA497D597E2}.Debug|Any CPU.Build.0 = Debug|Any CPU
		{100BAEF4-1DA4-462E-B344-CCA497D597E2}.Release|Any CPU.ActiveCfg = Release|Any CPU
		{100BAEF4-1DA4-462E-B344-CCA497D597E2}.Release|Any CPU.Build.0 = Release|Any CPU
	EndGlobalSection
	GlobalSection(SolutionProperties) = preSolution
		HideSolutionNode = FALSE
	EndGlobalSection
	GlobalSection(ExtensibilityGlobals) = postSolution
		SolutionGuid = {1E97D88F-0858-4585-9FE7-63C254C59E0C}
	EndGlobalSection
EndGlobal
